
Microsoft Visual Studio Solution File, Format Version 12.00
# Visual Studio Version 17
VisualStudioVersion = 17.5.33209.295
MinimumVisualStudioVersion = 10.0.40219.1
Project("{9A19103F-16F7-4668-BE54-9A1E7A4F7556}") = "HeartBeatSnooper", "HeartBeatSnooper\HeartBeatSnooper.csproj", "{F640A718-D038-4C06-91E0-EEA1B31F2564}"
EndProject
Project("{9A19103F-16F7-4668-BE54-9A1E7A4F7556}") = "FileSnooper", "FileSnooper\FileSnooper.csproj", "{632DFD28-38D2-4030-BF4C-A3777B3E9090}"
EndProject
Global
	GlobalSection(SolutionConfigurationPlatforms) = preSolution
		Debug|Any CPU = Debug|Any CPU
		Release|Any CPU = Release|Any CPU
	EndGlobalSection
	GlobalSection(ProjectConfigurationPlatforms) = postSolution
		{F640A718-D038-4C06-91E0-EEA1B31F2564}.Debug|Any CPU.ActiveCfg = Debug|Any CPU
		{F640A718-D038-4C06-91E0-EEA1B31F2564}.Debug|Any CPU.Build.0 = Debug|Any CPU
		{F640A718-D038-4C06-91E0-EEA1B31F2564}.Release|Any CPU.ActiveCfg = Release|Any CPU
		{F640A718-D038-4C06-91E0-EEA1B31F2564}.Release|Any CPU.Build.0 = Release|Any CPU
		{632DFD28-38D2-4030-BF4C-A3777B3E9090}.Debug|Any CPU.ActiveCfg = Debug|Any CPU
		{632DFD28-38D2-4030-BF4C-A3777B3E9090}.Debug|Any CPU.Build.0 = Debug|Any CPU
		{632DFD28-38D2-4030-BF4C-A3777B3E9090}.Release|Any CPU.ActiveCfg = Release|Any CPU
		{632DFD28-38D2-4030-BF4C-A3777B3E9090}.Release|Any CPU.Build.0 = Release|Any CPU
	EndGlobalSection
	GlobalSection(SolutionProperties) = preSolution
		HideSolutionNode = FALSE
	EndGlobalSection
	GlobalSection(ExtensibilityGlobals) = postSolution
		SolutionGuid = {F5C36E7C-2B9F-4F24-96F2-555ED0D518D7}
	EndGlobalSection
EndGlobal
